
Microsoft Visual Studio Solution File, Format Version 12.00
# Visual Studio Version 16
VisualStudioVersion = 16.0.30517.126
MinimumVisualStudioVersion = 10.0.40219.1
Project("{FAE04EC0-301F-11D3-BF4B-00C04F79EFBC}") = "WorkFlowExerciseWithMosh", "WorkFlowExerciseWithMosh.csproj", "{3219100D-4447-49B8-A6EF-E4D1B53CAB9C}"
EndProject
Global
	GlobalSection(SolutionConfigurationPlatforms) = preSolution
		Debug|Any CPU = Debug|Any CPU
		Release|Any CPU = Release|Any CPU
	EndGlobalSection
	GlobalSection(ProjectConfigurationPlatforms) = postSolution
		{3219100D-4447-49B8-A6EF-E4D1B53CAB9C}.Debug|Any CPU.ActiveCfg = Debug|Any CPU
		{3219100D-4447-49B8-A6EF-E4D1B53CAB9C}.Debug|Any CPU.Build.0 = Debug|Any CPU
		{3219100D-4447-49B8-A6EF-E4D1B53CAB9C}.Release|Any CPU.ActiveCfg = Release|Any CPU
		{3219100D-4447-49B8-A6EF-E4D1B53CAB9C}.Release|Any CPU.Build.0 = Release|Any CPU
	EndGlobalSection
	GlobalSection(SolutionProperties) = preSolution
		HideSolutionNode = FALSE
	EndGlobalSection
	GlobalSection(ExtensibilityGlobals) = postSolution
		SolutionGuid = {8D5D8494-D923-4B65-B03B-8194B54AEC56}
	EndGlobalSection
EndGlobal
